{
  "name": "burger",
  "version": "0.0.0",
  "lockfileVersion": 1,
  "dependencies": {
    "async": {
      "version": "2.5.0",
      "resolved": "https://registry.npmjs.org/async/-/async-2.5.0.tgz",
      "integrity": "sha512-e+lJAJeNWuPCNyxZKOBdaJGyLGHugXVQtrAwtuAe2vhxTYxFTKE73p8JuTmdH0qdQZtDvI4dhJwjZc5zsfIsYw=="
    },
    "bignumber.js": {
      "version": "3.1.2",
      "resolved": "https://registry.npmjs.org/bignumber.js/-/bignumber.js-3.1.2.tgz",
      "integrity": "sha1-8725mtUmihX8HwvtL7AY4mk/4jY="
    },
    "core-util-is": {
      "version": "1.0.2",
      "resolved": "https://registry.npmjs.org/core-util-is/-/core-util-is-1.0.2.tgz",
      "integrity": "sha1-tf1UIgqivFq1eqtxQMlAdUUDwac="
    },
    "enforce": {
      "version": "0.1.7",
      "resolved": "https://registry.npmjs.org/enforce/-/enforce-0.1.7.tgz",
      "integrity": "sha1-r3zdP6mCsuyq4GrntcJZUX0ivj8="
    },
    "hat": {
      "version": "0.0.3",
      "resolved": "https://registry.npmjs.org/hat/-/hat-0.0.3.tgz",
      "integrity": "sha1-uwFKnmSzeIrtgAWRdBPU/z1QLYo="
    },
    "inherits": {
      "version": "2.0.3",
      "resolved": "https://registry.npmjs.org/inherits/-/inherits-2.0.3.tgz",
      "integrity": "sha1-Yzwsg+PaQqUC9SRmAiSA9CCCYd4="
    },
    "isarray": {
      "version": "0.0.1",
      "resolved": "https://registry.npmjs.org/isarray/-/isarray-0.0.1.tgz",
      "integrity": "sha1-ihis/Kmo9Bd+Cav8YDiTmwXR7t8="
    },
    "lodash": {
      "version": "4.17.4",
      "resolved": "https://registry.npmjs.org/lodash/-/lodash-4.17.4.tgz",
      "integrity": "sha1-eCA6TRwyiuHYbcpkYONptX9AVa4="
    },
    "mysql": {
      "version": "2.13.0",
      "resolved": "https://registry.npmjs.org/mysql/-/mysql-2.13.0.tgz",
      "integrity": "sha1-mY8fjKRuLj3XFJzpgkE2U5hqrkc="
    },
    "orm": {
      "version": "3.2.4",
      "resolved": "https://registry.npmjs.org/orm/-/orm-3.2.4.tgz",
      "integrity": "sha512-K6ZM2LG/v68p+eJPxKZAEOlmjJolQP75+yNpQLHuDOSziQ1Gx2Isvy+wVWOcefTN2bzC34kmBmKKuj1XgfgswQ=="
    },
    "path-is-absolute": {
      "version": "1.0.1",
      "resolved": "https://registry.npmjs.org/path-is-absolute/-/path-is-absolute-1.0.1.tgz",
      "integrity": "sha1-F0uSaHNVNP+8es5r9TpanhtcX18="
    },
    "readable-stream": {
      "version": "1.1.14",
      "resolved": "https://registry.npmjs.org/readable-stream/-/readable-stream-1.1.14.tgz",
      "integrity": "sha1-fPTFTvZI44EwhMY23SB54WbAgdk="
    },
    "sql-ddl-sync": {
      "version": "0.3.13",
      "resolved": "https://registry.npmjs.org/sql-ddl-sync/-/sql-ddl-sync-0.3.13.tgz",
      "integrity": "sha512-8hxYFdiwBoRySLFeBeMOiipvCJvtHcIEMuegQRqvBuOcjyhZgalv+uNlO1RIQNu/A+Jm9d8K8fTFbQYxH2KEAg=="
    },
    "sql-query": {
      "version": "0.1.26",
      "resolved": "https://registry.npmjs.org/sql-query/-/sql-query-0.1.26.tgz",
      "integrity": "sha1-yNNYvl2xxJzCBVVYuj32TlpIxEE="
    },
    "sqlstring": {
      "version": "2.2.0",
      "resolved": "https://registry.npmjs.org/sqlstring/-/sqlstring-2.2.0.tgz",
      "integrity": "sha1-wxNcTqirzX5+50GklmqJHYak8ZE="
    },
    "string_decoder": {
      "version": "0.10.31",
      "resolved": "https://registry.npmjs.org/string_decoder/-/string_decoder-0.10.31.tgz",
      "integrity": "sha1-YuIDvEF2bGwoyfyEMB2rHFMQ+pQ="
    }
  }
}
